// !$*UTF8*$!
{
	archiveVersion = 1;
	classes = {
	};
	objectVersion = 46;
	objects = {

/* Begin PBXBuildFile section */
		5A5878D01C43A8A400A63055 /* AppDelegate.swift in Sources */ = {isa = PBXBuildFile; fileRef = 5A5878CF1C43A8A400A63055 /* AppDelegate.swift */; };
		5A5878D21C43A8A400A63055 /* ViewController.swift in Sources */ = {isa = PBXBuildFile; fileRef = 5A5878D11C43A8A400A63055 /* ViewController.swift */; };
		5A5878D51C43A8A400A63055 /* Main.storyboard in Resources */ = {isa = PBXBuildFile; fileRef = 5A5878D31C43A8A400A63055 /* Main.storyboard */; };
		5A5878D71C43A8A400A63055 /* Assets.xcassets in Resources */ = {isa = PBXBuildFile; fileRef = 5A5878D61C43A8A400A63055 /* Assets.xcassets */; };
		5A5878DA1C43A8A400A63055 /* LaunchScreen.storyboard in Resources */ = {isa = PBXBuildFile; fileRef = 5A5878D81C43A8A400A63055 /* LaunchScreen.storyboard */; };
		5A5878E51C43A8A400A63055 /* TestCellHeightTests.swift in Sources */ = {isa = PBXBuildFile; fileRef = 5A5878E41C43A8A400A63055 /* TestCellHeightTests.swift */; };
		5A5878F01C43A8A400A63055 /* TestCellHeightUITests.swift in Sources */ = {isa = PBXBuildFile; fileRef = 5A5878EF1C43A8A400A63055 /* TestCellHeightUITests.swift */; };
		5A5878FE1C43A95D00A63055 /* Mycell.swift in Sources */ = {isa = PBXBuildFile; fileRef = 5A5878FD1C43A95D00A63055 /* Mycell.swift */; };
/* End PBXBuildFile section */

/* Begin PBXContainerItemProxy section */
		5A5878E11C43A8A400A63055 /* PBXContainerItemProxy */ = {
			isa = PBXContainerItemProxy;
			containerPortal = 5A5878C41C43A8A400A63055 /* Project object */;
			proxyType = 1;
			remoteGlobalIDString = 5A5878CB1C43A8A400A63055;
			remoteInfo = TestCellHeight;
		};
		5A5878EC1C43A8A400A63055 /* PBXContainerItemProxy */ = {
			isa = PBXContainerItemProxy;
			containerPortal = 5A5878C41C43A8A400A63055 /* Project object */;
			proxyType = 1;
			remoteGlobalIDString = 5A5878CB1C43A8A400A63055;
			remoteInfo = TestCellHeight;
		};
/* End PBXContainerItemProxy section */

/* Begin PBXFileReference section */
		5A5878CC1C43A8A400A63055 /* TestCellHeight.app */ = {isa = PBXFileReference; explicitFileType = wrapper.application; includeInIndex = 0; path = TestCellHeight.app; sourceTree = BUILT_PRODUCTS_DIR; };
		5A5878CF1C43A8A400A63055 /* AppDelegate.swift */ = {isa = PBXFileReference; lastKnownFileType = sourcecode.swift; path = AppDelegate.swift; sourceTree = "<group>"; };
		5A5878D11C43A8A400A63055 /* ViewController.swift */ = {isa = PBXFileReference; lastKnownFileType = sourcecode.swift; path = ViewController.swift; sourceTree = "<group>"; };
		5A5878D41C43A8A400A63055 /* Base */ = {isa = PBXFileReference; lastKnownFileType = file.storyboard; name = Base; path = Base.lproj/Main.storyboard; sourceTree = "<group>"; };
		5A5878D61C43A8A400A63055 /* Assets.xcassets */ = {isa = PBXFileReference; lastKnownFileType = folder.assetcatalog; path = Assets.xcassets; sourceTree = "<group>"; };
		5A5878D91C43A8A400A63055 /* Base */ = {isa = PBXFileReference; lastKnownFileType = file.storyboard; name = Base; path = Base.lproj/LaunchScreen.storyboard; sourceTree = "<group>"; };
		5A5878DB1C43A8A400A63055 /* Info.plist */ = {isa = PBXFileReference; lastKnownFileType = text.plist.xml; path = Info.plist; sourceTree = "<group>"; };
		5A5878E01C43A8A400A63055 /* TestCellHeightTests.xctest */ = {isa = PBXFileReference; explicitFileType = wrapper.cfbundle; includeInIndex = 0; path = TestCellHeightTests.xctest; sourceTree = BUILT_PRODUCTS_DIR; };
		5A5878E41C43A8A400A63055 /* TestCellHeightTests.swift */ = {isa = PBXFileReference; lastKnownFileType = sourcecode.swift; path = TestCellHeightTests.swift; sourceTree = "<group>"; };
		5A5878E61C43A8A400A63055 /* Info.plist */ = {isa = PBXFileReference; lastKnownFileType = text.plist.xml; path = Info.plist; sourceTree = "<group>"; };
		5A5878EB1C43A8A400A63055 /* TestCellHeightUITests.xctest */ = {isa = PBXFileReference; explicitFileType = wrapper.cfbundle; includeInIndex = 0; path = TestCellHeightUITests.xctest; sourceTree = BUILT_PRODUCTS_DIR; };
		5A5878EF1C43A8A400A63055 /* TestCellHeightUITests.swift */ = {isa = PBXFileReference; lastKnownFileType = sourcecode.swift; path = TestCellHeightUITests.swift; sourceTree = "<group>"; };
		5A5878F11C43A8A400A63055 /* Info.plist */ = {isa = PBXFileReference; lastKnownFileType = text.plist.xml; path = Info.plist; sourceTree = "<group>"; };
		5A5878FD1C43A95D00A63055 /* Mycell.swift */ = {isa = PBXFileReference; fileEncoding = 4; lastKnownFileType = sourcecode.swift; path = Mycell.swift; sourceTree = "<group>"; };
/* End PBXFileReference section */

/* Begin PBXFrameworksBuildPhase section */
		5A5878C91C43A8A400A63055 /* Frameworks */ = {
			isa = PBXFrameworksBuildPhase;
			buildActionMask = 2147483647;
			files = (
			);
			runOnlyForDeploymentPostprocessing = 0;
		};
		5A5878DD1C43A8A400A63055 /* Frameworks */ = {
			isa = PBXFrameworksBuildPhase;
			buildActionMask = 2147483647;
			files = (
			);
			runOnlyForDeploymentPostprocessing = 0;
		};
		5A5878E81C43A8A400A63055 /* Frameworks */ = {
			isa = PBXFrameworksBuildPhase;
			buildActionMask = 2147483647;
			files = (
			);
			runOnlyForDeploymentPostprocessing = 0;
		};
/* End PBXFrameworksBuildPhase section */

/* Begin PBXGroup section */
		5A5878C31C43A8A400A63055 = {
			isa = PBXGroup;
			children = (
				5A5878CE1C43A8A400A63055 /* TestCellHeight */,
				5A5878E31C43A8A400A63055 /* TestCellHeightTests */,
				5A5878EE1C43A8A400A63055 /* TestCellHeightUITests */,
				5A5878CD1C43A8A400A63055 /* Products */,
			);
			sourceTree = "<group>";
		};
		5A5878CD1C43A8A400A63055 /* Products */ = {
			isa = PBXGroup;
			children = (
				5A5878CC1C43A8A400A63055 /* TestCellHeight.app */,
				5A5878E01C43A8A400A63055 /* TestCellHeightTests.xctest */,
				5A5878EB1C43A8A400A63055 /* TestCellHeightUITests.xctest */,
			);
			name = Products;
			sourceTree = "<group>";
		};
		5A5878CE1C43A8A400A63055 /* TestCellHeight */ = {
			isa = PBXGroup;
			children = (
				5A5878CF1C43A8A400A63055 /* AppDelegate.swift */,
				5A5878D11C43A8A400A63055 /* ViewController.swift */,
				5A5878FD1C43A95D00A63055 /* Mycell.swift */,
				5A5878D31C43A8A400A63055 /* Main.storyboard */,
				5A5878D61C43A8A400A63055 /* Assets.xcassets */,
				5A5878D81C43A8A400A63055 /* LaunchScreen.storyboard */,
				5A5878DB1C43A8A400A63055 /* Info.plist */,
			);
			path = TestCellHeight;
			sourceTree = "<group>";
		};
		5A5878E31C43A8A400A63055 /* TestCellHeightTests */ = {
			isa = PBXGroup;
			children = (
				5A5878E41C43A8A400A63055 /* TestCellHeightTests.swift */,
				5A5878E61C43A8A400A63055 /* Info.plist */,
			);
			path = TestCellHeightTests;
			sourceTree = "<group>";
		};
		5A5878EE1C43A8A400A63055 /* TestCellHeightUITests */ = {
			isa = PBXGroup;
			children = (
				5A5878EF1C43A8A400A63055 /* TestCellHeightUITests.swift */,
				5A5878F11C43A8A400A63055 /* Info.plist */,
			);
			path = TestCellHeightUITests;
			sourceTree = "<group>";
		};
/* End PBXGroup section */

/* Begin PBXNativeTarget section */
		5A5878CB1C43A8A400A63055 /* TestCellHeight */ = {
			isa = PBXNativeTarget;
			buildConfigurationList = 5A5878F41C43A8A400A63055 /* Build configuration list for PBXNativeTarget "TestCellHeight" */;
			buildPhases = (
				5A5878C81C43A8A400A63055 /* Sources */,
				5A5878C91C43A8A400A63055 /* Frameworks */,
				5A5878CA1C43A8A400A63055 /* Resources */,
			);
			buildRules = (
			);
			dependencies = (
			);
			name = TestCellHeight;
			productName = TestCellHeight;
			productReference = 5A5878CC1C43A8A400A63055 /* TestCellHeight.app */;
			productType = "com.apple.product-type.application";
		};
		5A5878DF1C43A8A400A63055 /* TestCellHeightTests */ = {
			isa = PBXNativeTarget;
			buildConfigurationList = 5A5878F71C43A8A400A63055 /* Build configuration list for PBXNativeTarget "TestCellHeightTests" */;
			buildPhases = (
				5A5878DC1C43A8A400A63055 /* Sources */,
				5A5878DD1C43A8A400A63055 /* Frameworks */,
				5A5878DE1C43A8A400A63055 /* Resources */,
			);
			buildRules = (
			);
			dependencies = (
				5A5878E21C43A8A400A63055 /* PBXTargetDependency */,
			);
			name = TestCellHeightTests;
			productName = TestCellHeightTests;
			productReference = 5A5878E01C43A8A400A63055 /* TestCellHeightTests.xctest */;
			productType = "com.apple.product-type.bundle.unit-test";
		};
		5A5878EA1C43A8A400A63055 /* TestCellHeightUITests */ = {
			isa = PBXNativeTarget;
			buildConfigurationList = 5A5878FA1C43A8A400A63055 /* Build configuration list for PBXNativeTarget "TestCellHeightUITests" */;
			buildPhases = (
				5A5878E71C43A8A400A63055 /* Sources */,
				5A5878E81C43A8A400A63055 /* Frameworks */,
				5A5878E91C43A8A400A63055 /* Resources */,
			);
			buildRules = (
			);
			dependencies = (
				5A5878ED1C43A8A400A63055 /* PBXTargetDependency */,
			);
			name = TestCellHeightUITests;
			productName = TestCellHeightUITests;
			productReference = 5A5878EB1C43A8A400A63055 /* TestCellHeightUITests.xctest */;
			productType = "com.apple.product-type.bundle.ui-testing";
		};
/* End PBXNativeTarget section */

/* Begin PBXProject section */
		5A5878C41C43A8A400A63055 /* Project object */ = {
			isa = PBXProject;
			attributes = {
				LastSwiftUpdateCheck = 0720;
				LastUpgradeCheck = 0720;
				ORGANIZATIONNAME = ys;
				TargetAttributes = {
					5A5878CB1C43A8A400A63055 = {
						CreatedOnToolsVersion = 7.2;
					};
					5A5878DF1C43A8A400A63055 = {
						CreatedOnToolsVersion = 7.2;
						TestTargetID = 5A5878CB1C43A8A400A63055;
					};
					5A5878EA1C43A8A400A63055 = {
						CreatedOnToolsVersion = 7.2;
						TestTargetID = 5A5878CB1C43A8A400A63055;
					};
				};
			};
			buildConfigurationList = 5A5878C71C43A8A400A63055 /* Build configuration list for PBXProject "TestCellHeight" */;
			compatibilityVersion = "Xcode 3.2";
			developmentRegion = English;
			hasScannedForEncodings = 0;
			knownRegions = (
				en,
				Base,
			);
			mainGroup = 5A5878C31C43A8A400A63055;
			productRefGroup = 5A5878CD1C43A8A400A63055 /* Products */;
			projectDirPath = "";
			projectRoot = "";
			targets = (
				5A5878CB1C43A8A400A63055 /* TestCellHeight */,
				5A5878DF1C43A8A400A63055 /* TestCellHeightTests */,
				5A5878EA1C43A8A400A63055 /* TestCellHeightUITests */,
			);
		};
/* End PBXProject section */

/* Begin PBXResourcesBuildPhase section */
		5A5878CA1C43A8A400A63055 /* Resources */ = {
			isa = PBXResourcesBuildPhase;
			buildActionMask = 2147483647;
			files = (
				5A5878DA1C43A8A400A63055 /* LaunchScreen.storyboard in Resources */,
				5A5878D71C43A8A400A63055 /* Assets.xcassets in Resources */,
				5A5878D51C43A8A400A63055 /* Main.storyboard in Resources */,
			);
			runOnlyForDeploymentPostprocessing = 0;
		};
		5A5878DE1C43A8A400A63055 /* Resources */ = {
			isa = PBXResourcesBuildPhase;
			buildActionMask = 2147483647;
			files = (
			);
			runOnlyForDeploymentPostprocessing = 0;
		};
		5A5878E91C43A8A400A63055 /* Resources */ = {
			isa = PBXResourcesBuildPhase;
			buildActionMask = 2147483647;
			files = (
			);
			runOnlyForDeploymentPostprocessing = 0;
		};
/* End PBXResourcesBuildPhase section */

/* Begin PBXSourcesBuildPhase section */
		5A5878C81C43A8A400A63055 /* Sources */ = {
			isa = PBXSourcesBuildPhase;
			buildActionMask = 2147483647;
			files = (
				5A5878D21C43A8A400A63055 /* ViewController.swift in Sources */,
				5A5878D01C43A8A400A63055 /* AppDelegate.swift in Sources */,
				5A5878FE1C43A95D00A63055 /* Mycell.swift in Sources */,
			);
			runOnlyForDeploymentPostprocessing = 0;
		};
		5A5878DC1C43A8A400A63055 /* Sources */ = {
			isa = PBXSourcesBuildPhase;
			buildActionMask = 2147483647;
			files = (
				5A5878E51C43A8A400A63055 /* TestCellHeightTests.swift in Sources */,
			);
			runOnlyForDeploymentPostprocessing = 0;
		};
		5A5878E71C43A8A400A63055 /* Sources */ = {
			isa = PBXSourcesBuildPhase;
			buildActionMask = 2147483647;
			files = (
				5A5878F01C43A8A400A63055 /* TestCellHeightUITests.swift in Sources */,
			);
			runOnlyForDeploymentPostprocessing = 0;
		};
/* End PBXSourcesBuildPhase section */

/* Begin PBXTargetDependency section */
		5A5878E21C43A8A400A63055 /* PBXTargetDependency */ = {
			isa = PBXTargetDependency;
			target = 5A5878CB1C43A8A400A63055 /* TestCellHeight */;
			targetProxy = 5A5878E11C43A8A400A63055 /* PBXContainerItemProxy */;
		};
		5A5878ED1C43A8A400A63055 /* PBXTargetDependency */ = {
			isa = PBXTargetDependency;
			target = 5A5878CB1C43A8A400A63055 /* TestCellHeight */;
			targetProxy = 5A5878EC1C43A8A400A63055 /* PBXContainerItemProxy */;
		};
/* End PBXTargetDependency section */

/* Begin PBXVariantGroup section */
		5A5878D31C43A8A400A63055 /* Main.storyboard */ = {
			isa = PBXVariantGroup;
			children = (
				5A5878D41C43A8A400A63055 /* Base */,
			);
			name = Main.storyboard;
			sourceTree = "<group>";
		};
		5A5878D81C43A8A400A63055 /* LaunchScreen.storyboard */ = {
			isa = PBXVariantGroup;
			children = (
				5A5878D91C43A8A400A63055 /* Base */,
			);
			name = LaunchScreen.storyboard;
			sourceTree = "<group>";
		};
/* End PBXVariantGroup section */

/* Begin XCBuildConfiguration section */
		5A5878F21C43A8A400A63055 /* Debug */ = {
			isa = XCBuildConfiguration;
			buildSettings = {
				ALWAYS_SEARCH_USER_PATHS = NO;
				CLANG_CXX_LANGUAGE_STANDARD = "gnu++0x";
				CLANG_CXX_LIBRARY = "libc++";
				CLANG_ENABLE_MODULES = YES;
				CLANG_ENABLE_OBJC_ARC = YES;
				CLANG_WARN_BOOL_CONVERSION = YES;
				CLANG_WARN_CONSTANT_CONVERSION = YES;
				CLANG_WARN_DIRECT_OBJC_ISA_USAGE = YES_ERROR;
				CLANG_WARN_EMPTY_BODY = YES;
				CLANG_WARN_ENUM_CONVERSION = YES;
				CLANG_WARN_INT_CONVERSION = YES;
				CLANG_WARN_OBJC_ROOT_CLASS = YES_ERROR;
				CLANG_WARN_UNREACHABLE_CODE = YES;
				CLANG_WARN__DUPLICATE_METHOD_MATCH = YES;
				"CODE_SIGN_IDENTITY[sdk=iphoneos*]" = "iPhone Developer";
				COPY_PHASE_STRIP = NO;
				DEBUG_INFORMATION_FORMAT = dwarf;
				ENABLE_STRICT_OBJC_MSGSEND = YES;
				ENABLE_TESTABILITY = YES;
				GCC_C_LANGUAGE_STANDARD = gnu99;
				GCC_DYNAMIC_NO_PIC = NO;
				GCC_NO_COMMON_BLOCKS = YES;
				GCC_OPTIMIZATION_LEVEL = 0;
				GCC_PREPROCESSOR_DEFINITIONS = (
					"DEBUG=1",
					"$(inherited)",
				);
				GCC_WARN_64_TO_32_BIT_CONVERSION = YES;
				GCC_WARN_ABOUT_RETURN_TYPE = YES_ERROR;
				GCC_WARN_UNDECLARED_SELECTOR = YES;
				GCC_WARN_UNINITIALIZED_AUTOS = YES_AGGRESSIVE;
				GCC_WARN_UNUSED_FUNCTION = YES;
				GCC_WARN_UNUSED_VARIABLE = YES;
				IPHONEOS_DEPLOYMENT_TARGET = 9.2;
				MTL_ENABLE_DEBUG_INFO = YES;
				ONLY_ACTIVE_ARCH = YES;
				SDKROOT = iphoneos;
				SWIFT_OPTIMIZATION_LEVEL = "-Onone";
				TARGETED_DEVICE_FAMILY = "1,2";
			};
			name = Debug;
		};
		5A5878F31C43A8A400A63055 /* Release */ = {
			isa = XCBuildConfiguration;
			buildSettings = {
				ALWAYS_SEARCH_USER_PATHS = NO;
				CLANG_CXX_LANGUAGE_STANDARD = "gnu++0x";
				CLANG_CXX_LIBRARY = "libc++";
				CLANG_ENABLE_MODULES = YES;
				CLANG_ENABLE_OBJC_ARC = YES;
				CLANG_WARN_BOOL_CONVERSION = YES;
				CLANG_WARN_CONSTANT_CONVERSION = YES;
				CLANG_WARN_DIRECT_OBJC_ISA_USAGE = YES_ERROR;
				CLANG_WARN_EMPTY_BODY = YES;
				CLANG_WARN_ENUM_CONVERSION = YES;
				CLANG_WARN_INT_CONVERSION = YES;
				CLANG_WARN_OBJC_ROOT_CLASS = YES_ERROR;
				CLANG_WARN_UNREACHABLE_CODE = YES;
				CLANG_WARN__DUPLICATE_METHOD_MATCH = YES;
				"CODE_SIGN_IDENTITY[sdk=iphoneos*]" = "iPhone Developer";
				COPY_PHASE_STRIP = NO;
				DEBUG_INFORMATION_FORMAT = "dwarf-with-dsym";
				ENABLE_NS_ASSERTIONS = NO;
				ENABLE_STRICT_OBJC_MSGSEND = YES;
				GCC_C_LANGUAGE_STANDARD = gnu99;
				GCC_NO_COMMON_BLOCKS = YES;
				GCC_WARN_64_TO_32_BIT_CONVERSION = YES;
				GCC_WARN_ABOUT_RETURN_TYPE = YES_ERROR;
				GCC_WARN_UNDECLARED_SELECTOR = YES;
				GCC_WARN_UNINITIALIZED_AUTOS = YES_AGGRESSIVE;
				GCC_WARN_UNUSED_FUNCTION = YES;
				GCC_WARN_UNUSED_VARIABLE = YES;
				IPHONEOS_DEPLOYMENT_TARGET = 9.2;
				MTL_ENABLE_DEBUG_INFO = NO;
				SDKROOT = iphoneos;
				TARGETED_DEVICE_FAMILY = "1,2";
				VALIDATE_PRODUCT = YES;
			};
			name = Release;
		};
		5A5878F51C43A8A400A63055 /* Debug */ = {
			isa = XCBuildConfiguration;
			buildSettings = {
				ASSETCATALOG_COMPILER_APPICON_NAME = AppIcon;
				INFOPLIST_FILE = TestCellHeight/Info.plist;
				LD_RUNPATH_SEARCH_PATHS = "$(inherited) @executable_path/Frameworks";
				PRODUCT_BUNDLE_IDENTIFIER = com.liqu.test.TestCellHeight;
				PRODUCT_NAME = "$(TARGET_NAME)";
			};
			name = Debug;
		};
		5A5878F61C43A8A400A63055 /* Release */ = {
			isa = XCBuildConfiguration;
			buildSettings = {
				ASSETCATALOG_COMPILER_APPICON_NAME = AppIcon;
				INFOPLIST_FILE = TestCellHeight/Info.plist;
				LD_RUNPATH_SEARCH_PATHS = "$(inherited) @executable_path/Frameworks";
				PRODUCT_BUNDLE_IDENTIFIER = com.liqu.test.TestCellHeight;
				PRODUCT_NAME = "$(TARGET_NAME)";
			};
			name = Release;
		};
		5A5878F81C43A8A400A63055 /* Debug */ = {
			isa = XCBuildConfiguration;
			buildSettings = {
				BUNDLE_LOADER = "$(TEST_HOST)";
				INFOPLIST_FILE = TestCellHeightTests/Info.plist;
				LD_RUNPATH_SEARCH_PATHS = "$(inherited) @executable_path/Frameworks @loader_path/Frameworks";
				PRODUCT_BUNDLE_IDENTIFIER = com.liqu.test.TestCellHeightTests;
				PRODUCT_NAME = "$(TARGET_NAME)";
				TEST_HOST = "$(BUILT_PRODUCTS_DIR)/TestCellHeight.app/TestCellHeight";
			};
			name = Debug;
		};
		5A5878F91C43A8A400A63055 /* Release */ = {
			isa = XCBuildConfiguration;
			buildSettings = {
				BUNDLE_LOADER = "$(TEST_HOST)";
				INFOPLIST_FILE = TestCellHeightTests/Info.plist;
				LD_RUNPATH_SEARCH_PATHS = "$(inherited) @executable_path/Frameworks @loader_path/Frameworks";
				PRODUCT_BUNDLE_IDENTIFIER = com.liqu.test.TestCellHeightTests;
				PRODUCT_NAME = "$(TARGET_NAME)";
				TEST_HOST = "$(BUILT_PRODUCTS_DIR)/TestCellHeight.app/TestCellHeight";
			};
			name = Release;
		};
		5A5878FB1C43A8A400A63055 /* Debug */ = {
			isa = XCBuildConfiguration;
			buildSettings = {
				INFOPLIST_FILE = TestCellHeightUITests/Info.plist;
				LD_RUNPATH_SEARCH_PATHS = "$(inherited) @executable_path/Frameworks @loader_path/Frameworks";
				PRODUCT_BUNDLE_IDENTIFIER = com.liqu.test.TestCellHeightUITests;
				PRODUCT_NAME = "$(TARGET_NAME)";
				TEST_TARGET_NAME = TestCellHeight;
				USES_XCTRUNNER = YES;
			};
			name = Debug;
		};
		5A5878FC1C43A8A400A63055 /* Release */ = {
			isa = XCBuildConfiguration;
			buildSettings = {
				INFOPLIST_FILE = TestCellHeightUITests/Info.plist;
				LD_RUNPATH_SEARCH_PATHS = "$(inherited) @executable_path/Frameworks @loader_path/Frameworks";
				PRODUCT_BUNDLE_IDENTIFIER = com.liqu.test.TestCellHeightUITests;
				PRODUCT_NAME = "$(TARGET_NAME)";
				TEST_TARGET_NAME = TestCellHeight;
				USES_XCTRUNNER = YES;
			};
			name = Release;
		};
/* End XCBuildConfiguration section */

/* Begin XCConfigurationList section */
		5A5878C71C43A8A400A63055 /* Build configuration list for PBXProject "TestCellHeight" */ = {
			isa = XCConfigurationList;
			buildConfigurations = (
				5A5878F21C43A8A400A63055 /* Debug */,
				5A5878F31C43A8A400A63055 /* Release */,
			);
			defaultConfigurationIsVisible = 0;
			defaultConfigurationName = Release;
		};
		5A5878F41C43A8A400A63055 /* Build configuration list for PBXNativeTarget "TestCellHeight" */ = {
			isa = XCConfigurationList;
			buildConfigurations = (
				5A5878F51C43A8A400A63055 /* Debug */,
				5A5878F61C43A8A400A63055 /* Release */,
			);
			defaultConfigurationIsVisible = 0;
		};
		5A5878F71C43A8A400A63055 /* Build configuration list for PBXNativeTarget "TestCellHeightTests" */ = {
			isa = XCConfigurationList;
			buildConfigurations = (
				5A5878F81C43A8A400A63055 /* Debug */,
				5A5878F91C43A8A400A63055 /* Release */,
			);
			defaultConfigurationIsVisible = 0;
		};
		5A5878FA1C43A8A400A63055 /* Build configuration list for PBXNativeTarget "TestCellHeightUITests" */ = {
			isa = XCConfigurationList;
			buildConfigurations = (
				5A5878FB1C43A8A400A63055 /* Debug */,
				5A5878FC1C43A8A400A63055 /* Release */,
			);
			defaultConfigurationIsVisible = 0;
		};
/* End XCConfigurationList section */
	};
	rootObject = 5A5878C41C43A8A400A63055 /* Project object */;
}
